
Microsoft Visual Studio Solution File, Format Version 12.00
# Visual Studio Version 17
VisualStudioVersion = 17.6.33723.286
MinimumVisualStudioVersion = 10.0.40219.1
Project("{9A19103F-16F7-4668-BE54-9A1E7A4F7556}") = "webApp_eKanban", "WebApp\webApp_eKanban.csproj", "{D360784F-DF98-42D2-9EFA-5E960D9189F2}"
EndProject
Project("{9A19103F-16F7-4668-BE54-9A1E7A4F7556}") = "BD", "BD\BD.csproj", "{644FE76C-63C1-47B1-956D-D5F47860F22D}"
EndProject
Project("{9A19103F-16F7-4668-BE54-9A1E7A4F7556}") = "Entity", "Entity\Entity.csproj", "{AF1E5EDE-041D-4D5E-9CBD-24E78A10EF59}"
EndProject
Project("{9A19103F-16F7-4668-BE54-9A1E7A4F7556}") = "WBL", "WBL\WBL.csproj", "{57EDCCE9-85FA-4148-8344-BA849C7BEE62}"
EndProject
Global
	GlobalSection(SolutionConfigurationPlatforms) = preSolution
		Debug|Any CPU = Debug|Any CPU
		Release|Any CPU = Release|Any CPU
	EndGlobalSection
	GlobalSection(ProjectConfigurationPlatforms) = postSolution
		{D360784F-DF98-42D2-9EFA-5E960D9189F2}.Debug|Any CPU.ActiveCfg = Debug|Any CPU
		{D360784F-DF98-42D2-9EFA-5E960D9189F2}.Debug|Any CPU.Build.0 = Debug|Any CPU
		{D360784F-DF98-42D2-9EFA-5E960D9189F2}.Release|Any CPU.ActiveCfg = Release|Any CPU
		{D360784F-DF98-42D2-9EFA-5E960D9189F2}.Release|Any CPU.Build.0 = Release|Any CPU
		{644FE76C-63C1-47B1-956D-D5F47860F22D}.Debug|Any CPU.ActiveCfg = Debug|Any CPU
		{644FE76C-63C1-47B1-956D-D5F47860F22D}.Debug|Any CPU.Build.0 = Debug|Any CPU
		{644FE76C-63C1-47B1-956D-D5F47860F22D}.Release|Any CPU.ActiveCfg = Release|Any CPU
		{644FE76C-63C1-47B1-956D-D5F47860F22D}.Release|Any CPU.Build.0 = Release|Any CPU
		{AF1E5EDE-041D-4D5E-9CBD-24E78A10EF59}.Debug|Any CPU.ActiveCfg = Debug|Any CPU
		{AF1E5EDE-041D-4D5E-9CBD-24E78A10EF59}.Debug|Any CPU.Build.0 = Debug|Any CPU
		{AF1E5EDE-041D-4D5E-9CBD-24E78A10EF59}.Release|Any CPU.ActiveCfg = Release|Any CPU
		{AF1E5EDE-041D-4D5E-9CBD-24E78A10EF59}.Release|Any CPU.Build.0 = Release|Any CPU
		{57EDCCE9-85FA-4148-8344-BA849C7BEE62}.Debug|Any CPU.ActiveCfg = Debug|Any CPU
		{57EDCCE9-85FA-4148-8344-BA849C7BEE62}.Debug|Any CPU.Build.0 = Debug|Any CPU
		{57EDCCE9-85FA-4148-8344-BA849C7BEE62}.Release|Any CPU.ActiveCfg = Release|Any CPU
		{57EDCCE9-85FA-4148-8344-BA849C7BEE62}.Release|Any CPU.Build.0 = Release|Any CPU
	EndGlobalSection
	GlobalSection(SolutionProperties) = preSolution
		HideSolutionNode = FALSE
	EndGlobalSection
	GlobalSection(ExtensibilityGlobals) = postSolution
		SolutionGuid = {183F96AE-2A23-40EB-9076-5C076C96E2A8}
	EndGlobalSection
EndGlobal
